
Microsoft Visual Studio Solution File, Format Version 12.00
# Visual Studio Version 17
VisualStudioVersion = 17.4.33122.133
MinimumVisualStudioVersion = 10.0.40219.1
Project("{FAE04EC0-301F-11D3-BF4B-00C04F79EFBC}") = "NailmastersPride", "NailmastersPride\NailmastersPride.csproj", "{7AC75E7F-9C57-4E2F-BA30-297E1947EF46}"
EndProject
Project("{2150E333-8FDC-42A3-9474-1A3956D46DE8}") = "Solution Files", "Solution Files", "{A4323B9E-3D53-4565-A9E0-4FA863DBA162}"
	ProjectSection(SolutionItems) = preProject
		.github\workflows\build.yml = .github\workflows\build.yml
		.github\dependabot.yml = .github\dependabot.yml
		README.md = README.md
	EndProjectSection
EndProject
Global
	GlobalSection(SolutionConfigurationPlatforms) = preSolution
		Debug|Any CPU = Debug|Any CPU
		Release|Any CPU = Release|Any CPU
	EndGlobalSection
	GlobalSection(ProjectConfigurationPlatforms) = postSolution
		{7AC75E7F-9C57-4E2F-BA30-297E1947EF46}.Debug|Any CPU.ActiveCfg = Debug|Any CPU
		{7AC75E7F-9C57-4E2F-BA30-297E1947EF46}.Debug|Any CPU.Build.0 = Debug|Any CPU
		{7AC75E7F-9C57-4E2F-BA30-297E1947EF46}.Release|Any CPU.ActiveCfg = Release|Any CPU
		{7AC75E7F-9C57-4E2F-BA30-297E1947EF46}.Release|Any CPU.Build.0 = Release|Any CPU
	EndGlobalSection
	GlobalSection(SolutionProperties) = preSolution
		HideSolutionNode = FALSE
	EndGlobalSection
	GlobalSection(ExtensibilityGlobals) = postSolution
		SolutionGuid = {95D95B18-7731-4A90-8C3A-88BB30E95E07}
	EndGlobalSection
EndGlobal
